<?xml version="1.0" encoding="utf-8"?>
<Project ToolsVersion="4.0" xmlns="http://schemas.microsoft.com/developer/msbuild/2003">
  <ItemGroup>
    <Filter Include="Source Files">
      <UniqueIdentifier>{4FC737F1-C7A5-4376-A066-2A32D752A2FF}</UniqueIdentifier>
      <Extensions>cpp;c;cc;cxx;c++;cppm;ixx;def;odl;idl;hpj;bat;asm;asmx</Extensions>
    </Filter>
    <Filter Include="Header Files">
      <UniqueIdentifier>{93995380-89BD-4b04-88EB-625FBE52EBFB}</UniqueIdentifier>
      <Extensions>h;hh;hpp;hxx;h++;hm;inl;inc;ipp;xsd</Extensions>
    </Filter>
    <Filter Include="Resource Files">
      <UniqueIdentifier>{67DA6AB6-F800-4c08-8B7A-83BB121AAD01}</UniqueIdentifier>
      <Extensions>rc;ico;cur;bmp;dlg;rc2;rct;bin;rgs;gif;jpg;jpeg;jpe;resx;tiff;tif;png;wav;mfcribbon-ms</Extensions>
    </Filter>
    <Filter Include="Header Files\GenericGame">
      <UniqueIdentifier>{9b13867d-4f99-4dba-8275-e2a88c1091be}</UniqueIdentifier>
    </Filter>
    <Filter Include="Source Files\GenericGame">
      <UniqueIdentifier>{1206eb99-62ae-4d38-8f8c-ff9ec0411090}</UniqueIdentifier>
    </Filter>
    <Filter Include="Header Files\GenericGame\Interfaces">
      <UniqueIdentifier>{3706495a-9e85-4b44-bb01-ef2adc6f4613}</UniqueIdentifier>
    </Filter>
  </ItemGroup>
  <ItemGroup>
    <ClInclude Include="IGame.h">
      <Filter>Header Files\GenericGame\Interfaces</Filter>
    </ClInclude>
    <ClInclude Include="IBoard.h">
      <Filter>Header Files\GenericGame\Interfaces</Filter>
    </ClInclude>
    <ClInclude Include="IPlayer.h">
      <Filter>Header Files\GenericGame\Interfaces</Filter>
    </ClInclude>
    <ClInclude Include="IGameStartegy.h">
      <Filter>Header Files\GenericGame\Interfaces</Filter>
    </ClInclude>
    <ClInclude Include="IMove.h">
      <Filter>Header Files\GenericGame\Interfaces</Filter>
    </ClInclude>
  </ItemGroup>
</Project>